// !$*UTF8*$!
{
	archiveVersion = 1;
	classes = {
	};
	objectVersion = 46;
	objects = {

/* Begin PBXBuildFile section */
		0815EC121A737AB500B351FF /* player-still.atlas in Resources */ = {isa = PBXBuildFile; fileRef = 0815EC111A737AB500B351FF /* player-still.atlas */; };
		0815EC141A737D1700B351FF /* player-left.atlas in Resources */ = {isa = PBXBuildFile; fileRef = 0815EC131A737D1700B351FF /* player-left.atlas */; };
		0815EC161A737FC600B351FF /* player-right.atlas in Resources */ = {isa = PBXBuildFile; fileRef = 0815EC151A737FC600B351FF /* player-right.atlas */; };
		0815EC181A7429CB00B351FF /* player-jump.atlas in Resources */ = {isa = PBXBuildFile; fileRef = 0815EC171A7429CB00B351FF /* player-jump.atlas */; };
		083453BF1A7F40A9007CF60C /* StoreLayer.swift in Sources */ = {isa = PBXBuildFile; fileRef = 083453BE1A7F40A9007CF60C /* StoreLayer.swift */; };
		088AE2C21A6AE599008B345F /* iAd.framework in Frameworks */ = {isa = PBXBuildFile; fileRef = 088AE2C11A6AE599008B345F /* iAd.framework */; };
		088AE2CE1A6B7363008B345F /* GameLayer.swift in Sources */ = {isa = PBXBuildFile; fileRef = 088AE2CD1A6B7363008B345F /* GameLayer.swift */; };
		088CECC31A5C4C7200DD3BE3 /* PlayScene.swift in Sources */ = {isa = PBXBuildFile; fileRef = 088CECC21A5C4C7200DD3BE3 /* PlayScene.swift */; };
		0894A3C31A7C5FE70052B2A3 /* Meter.swift in Sources */ = {isa = PBXBuildFile; fileRef = 0894A3C21A7C5FE70052B2A3 /* Meter.swift */; };
		08A767081A5BAF0A0010BEC4 /* AppDelegate.swift in Sources */ = {isa = PBXBuildFile; fileRef = 08A767071A5BAF0A0010BEC4 /* AppDelegate.swift */; };
		08A7670A1A5BAF0A0010BEC4 /* GameScene.sks in Resources */ = {isa = PBXBuildFile; fileRef = 08A767091A5BAF0A0010BEC4 /* GameScene.sks */; };
		08A7670E1A5BAF0A0010BEC4 /* GameViewController.swift in Sources */ = {isa = PBXBuildFile; fileRef = 08A7670D1A5BAF0A0010BEC4 /* GameViewController.swift */; };
		08A767111A5BAF0A0010BEC4 /* Main.storyboard in Resources */ = {isa = PBXBuildFile; fileRef = 08A7670F1A5BAF0A0010BEC4 /* Main.storyboard */; };
		08A767131A5BAF0A0010BEC4 /* Images.xcassets in Resources */ = {isa = PBXBuildFile; fileRef = 08A767121A5BAF0A0010BEC4 /* Images.xcassets */; };
		08A767161A5BAF0A0010BEC4 /* LaunchScreen.xib in Resources */ = {isa = PBXBuildFile; fileRef = 08A767141A5BAF0A0010BEC4 /* LaunchScreen.xib */; };
		08A767221A5BAF0A0010BEC4 /* TappingGameTests.swift in Sources */ = {isa = PBXBuildFile; fileRef = 08A767211A5BAF0A0010BEC4 /* TappingGameTests.swift */; };
		08B24E4A1A94321800C389A8 /* StoreObject.swift in Sources */ = {isa = PBXBuildFile; fileRef = 08B24E491A94321800C389A8 /* StoreObject.swift */; };
		08B24E501A944C1000C389A8 /* Death-1.caf in Resources */ = {isa = PBXBuildFile; fileRef = 08B24E4B1A94403200C389A8 /* Death-1.caf */; };
		08B24E511A944C1000C389A8 /* Death-2.caf in Resources */ = {isa = PBXBuildFile; fileRef = 08B24E4C1A94403200C389A8 /* Death-2.caf */; };
		08B24E521A944C1000C389A8 /* Intro-2.aifc in Resources */ = {isa = PBXBuildFile; fileRef = 08B24E4D1A94403200C389A8 /* Intro-2.aifc */; };
		08B24E531A944C1000C389A8 /* Song-2.aifc in Resources */ = {isa = PBXBuildFile; fileRef = 08B24E4E1A94403200C389A8 /* Song-2.aifc */; };
		08B24E541A944C1000C389A8 /* Step-3.caf in Resources */ = {isa = PBXBuildFile; fileRef = 08B24E4F1A94403200C389A8 /* Step-3.caf */; };
		08BA11931A91BA7B00943E23 /* BitmapFontLabel.swift in Sources */ = {isa = PBXBuildFile; fileRef = 08BA11921A91BA7B00943E23 /* BitmapFontLabel.swift */; };
		08BA11951A91C6A000943E23 /* number.atlas in Resources */ = {isa = PBXBuildFile; fileRef = 08BA11941A91C6A000943E23 /* number.atlas */; };
		08D065921A887AC900319755 /* tap.atlas in Resources */ = {isa = PBXBuildFile; fileRef = 08D065911A887AC900319755 /* tap.atlas */; };
		08D7F8A51A657E2E00ACE67B /* GameKit.framework in Frameworks */ = {isa = PBXBuildFile; fileRef = 08D7F8A41A657E2E00ACE67B /* GameKit.framework */; };
		08D7F8AB1A66063E00ACE67B /* GCHelper.swift in Sources */ = {isa = PBXBuildFile; fileRef = 08D7F8AA1A66063E00ACE67B /* GCHelper.swift */; };
		08DB3C601A770D69003BFC06 /* PauseLayer.swift in Sources */ = {isa = PBXBuildFile; fileRef = 08DB3C5F1A770D69003BFC06 /* PauseLayer.swift */; };
		08FE34D81A6F628D00A64A8B /* Social.framework in Frameworks */ = {isa = PBXBuildFile; fileRef = 08FE34D71A6F628D00A64A8B /* Social.framework */; };
/* End PBXBuildFile section */

/* Begin PBXContainerItemProxy section */
		08A7671C1A5BAF0A0010BEC4 /* PBXContainerItemProxy */ = {
			isa = PBXContainerItemProxy;
			containerPortal = 08A766FA1A5BAF0A0010BEC4 /* Project object */;
			proxyType = 1;
			remoteGlobalIDString = 08A767011A5BAF0A0010BEC4;
			remoteInfo = TappingGame;
		};
/* End PBXContainerItemProxy section */

/* Begin PBXFileReference section */
		0815EC111A737AB500B351FF /* player-still.atlas */ = {isa = PBXFileReference; lastKnownFileType = folder.skatlas; path = "player-still.atlas"; sourceTree = "<group>"; };
		0815EC131A737D1700B351FF /* player-left.atlas */ = {isa = PBXFileReference; lastKnownFileType = folder.skatlas; path = "player-left.atlas"; sourceTree = "<group>"; };
		0815EC151A737FC600B351FF /* player-right.atlas */ = {isa = PBXFileReference; lastKnownFileType = folder.skatlas; path = "player-right.atlas"; sourceTree = "<group>"; };
		0815EC171A7429CB00B351FF /* player-jump.atlas */ = {isa = PBXFileReference; lastKnownFileType = folder.skatlas; path = "player-jump.atlas"; sourceTree = "<group>"; };
		083453BE1A7F40A9007CF60C /* StoreLayer.swift */ = {isa = PBXFileReference; fileEncoding = 4; lastKnownFileType = sourcecode.swift; path = StoreLayer.swift; sourceTree = "<group>"; };
		088AE2C11A6AE599008B345F /* iAd.framework */ = {isa = PBXFileReference; lastKnownFileType = wrapper.framework; name = iAd.framework; path = System/Library/Frameworks/iAd.framework; sourceTree = SDKROOT; };
		088AE2CD1A6B7363008B345F /* GameLayer.swift */ = {isa = PBXFileReference; fileEncoding = 4; lastKnownFileType = sourcecode.swift; name = GameLayer.swift; path = ../GameLayer.swift; sourceTree = "<group>"; };
		088CECC21A5C4C7200DD3BE3 /* PlayScene.swift */ = {isa = PBXFileReference; fileEncoding = 4; lastKnownFileType = sourcecode.swift; path = PlayScene.swift; sourceTree = "<group>"; };
		0894A3C21A7C5FE70052B2A3 /* Meter.swift */ = {isa = PBXFileReference; fileEncoding = 4; lastKnownFileType = sourcecode.swift; path = Meter.swift; sourceTree = "<group>"; };
		08A767021A5BAF0A0010BEC4 /* TappingGame.app */ = {isa = PBXFileReference; explicitFileType = wrapper.application; includeInIndex = 0; path = TappingGame.app; sourceTree = BUILT_PRODUCTS_DIR; };
		08A767061A5BAF0A0010BEC4 /* Info.plist */ = {isa = PBXFileReference; lastKnownFileType = text.plist.xml; path = Info.plist; sourceTree = "<group>"; };
		08A767071A5BAF0A0010BEC4 /* AppDelegate.swift */ = {isa = PBXFileReference; lastKnownFileType = sourcecode.swift; path = AppDelegate.swift; sourceTree = "<group>"; };
		08A767091A5BAF0A0010BEC4 /* GameScene.sks */ = {isa = PBXFileReference; lastKnownFileType = file.sks; path = GameScene.sks; sourceTree = "<group>"; };
		08A7670D1A5BAF0A0010BEC4 /* GameViewController.swift */ = {isa = PBXFileReference; lastKnownFileType = sourcecode.swift; path = GameViewController.swift; sourceTree = "<group>"; };
		08A767101A5BAF0A0010BEC4 /* Base */ = {isa = PBXFileReference; lastKnownFileType = file.storyboard; name = Base; path = Base.lproj/Main.storyboard; sourceTree = "<group>"; };
		08A767121A5BAF0A0010BEC4 /* Images.xcassets */ = {isa = PBXFileReference; lastKnownFileType = folder.assetcatalog; path = Images.xcassets; sourceTree = "<group>"; };
		08A767151A5BAF0A0010BEC4 /* Base */ = {isa = PBXFileReference; lastKnownFileType = file.xib; name = Base; path = Base.lproj/LaunchScreen.xib; sourceTree = "<group>"; };
		08A7671B1A5BAF0A0010BEC4 /* TappingGameTests.xctest */ = {isa = PBXFileReference; explicitFileType = wrapper.cfbundle; includeInIndex = 0; path = TappingGameTests.xctest; sourceTree = BUILT_PRODUCTS_DIR; };
		08A767201A5BAF0A0010BEC4 /* Info.plist */ = {isa = PBXFileReference; lastKnownFileType = text.plist.xml; path = Info.plist; sourceTree = "<group>"; };
		08A767211A5BAF0A0010BEC4 /* TappingGameTests.swift */ = {isa = PBXFileReference; lastKnownFileType = sourcecode.swift; path = TappingGameTests.swift; sourceTree = "<group>"; };
		08B24E491A94321800C389A8 /* StoreObject.swift */ = {isa = PBXFileReference; fileEncoding = 4; lastKnownFileType = sourcecode.swift; path = StoreObject.swift; sourceTree = "<group>"; };
		08B24E4B1A94403200C389A8 /* Death-1.caf */ = {isa = PBXFileReference; lastKnownFileType = file; path = "Death-1.caf"; sourceTree = "<group>"; };
		08B24E4C1A94403200C389A8 /* Death-2.caf */ = {isa = PBXFileReference; lastKnownFileType = file; path = "Death-2.caf"; sourceTree = "<group>"; };
		08B24E4D1A94403200C389A8 /* Intro-2.aifc */ = {isa = PBXFileReference; lastKnownFileType = file; path = "Intro-2.aifc"; sourceTree = "<group>"; };
		08B24E4E1A94403200C389A8 /* Song-2.aifc */ = {isa = PBXFileReference; lastKnownFileType = file; path = "Song-2.aifc"; sourceTree = "<group>"; };
		08B24E4F1A94403200C389A8 /* Step-3.caf */ = {isa = PBXFileReference; lastKnownFileType = file; path = "Step-3.caf"; sourceTree = "<group>"; };
		08BA11921A91BA7B00943E23 /* BitmapFontLabel.swift */ = {isa = PBXFileReference; fileEncoding = 4; lastKnownFileType = sourcecode.swift; path = BitmapFontLabel.swift; sourceTree = "<group>"; };
		08BA11941A91C6A000943E23 /* number.atlas */ = {isa = PBXFileReference; lastKnownFileType = folder.skatlas; path = number.atlas; sourceTree = "<group>"; };
		08D065911A887AC900319755 /* tap.atlas */ = {isa = PBXFileReference; lastKnownFileType = folder.skatlas; path = tap.atlas; sourceTree = "<group>"; };
		08D7F8A41A657E2E00ACE67B /* GameKit.framework */ = {isa = PBXFileReference; lastKnownFileType = wrapper.framework; name = GameKit.framework; path = System/Library/Frameworks/GameKit.framework; sourceTree = SDKROOT; };
		08D7F8AA1A66063E00ACE67B /* GCHelper.swift */ = {isa = PBXFileReference; fileEncoding = 4; lastKnownFileType = sourcecode.swift; name = GCHelper.swift; path = ../GCHelper.swift; sourceTree = "<group>"; };
		08DB3C5F1A770D69003BFC06 /* PauseLayer.swift */ = {isa = PBXFileReference; fileEncoding = 4; lastKnownFileType = sourcecode.swift; path = PauseLayer.swift; sourceTree = "<group>"; };
		08FE34D71A6F628D00A64A8B /* Social.framework */ = {isa = PBXFileReference; lastKnownFileType = wrapper.framework; name = Social.framework; path = System/Library/Frameworks/Social.framework; sourceTree = SDKROOT; };
/* End PBXFileReference section */

/* Begin PBXFrameworksBuildPhase section */
		08A766FF1A5BAF0A0010BEC4 /* Frameworks */ = {
			isa = PBXFrameworksBuildPhase;
			buildActionMask = 2147483647;
			files = (
				08FE34D81A6F628D00A64A8B /* Social.framework in Frameworks */,
				088AE2C21A6AE599008B345F /* iAd.framework in Frameworks */,
				08D7F8A51A657E2E00ACE67B /* GameKit.framework in Frameworks */,
			);
			runOnlyForDeploymentPostprocessing = 0;
		};
		08A767181A5BAF0A0010BEC4 /* Frameworks */ = {
			isa = PBXFrameworksBuildPhase;
			buildActionMask = 2147483647;
			files = (
			);
			runOnlyForDeploymentPostprocessing = 0;
		};
/* End PBXFrameworksBuildPhase section */

/* Begin PBXGroup section */
		0898F2411A75EB0500CC163D /* Audio */ = {
			isa = PBXGroup;
			children = (
				08B24E4B1A94403200C389A8 /* Death-1.caf */,
				08B24E4C1A94403200C389A8 /* Death-2.caf */,
				08B24E4D1A94403200C389A8 /* Intro-2.aifc */,
				08B24E4E1A94403200C389A8 /* Song-2.aifc */,
				08B24E4F1A94403200C389A8 /* Step-3.caf */,
			);
			path = Audio;
			sourceTree = "<group>";
		};
		08A766F91A5BAF0A0010BEC4 = {
			isa = PBXGroup;
			children = (
				08A767041A5BAF0A0010BEC4 /* TappingGame */,
				08A7671E1A5BAF0A0010BEC4 /* TappingGameTests */,
				08D065911A887AC900319755 /* tap.atlas */,
				08A767031A5BAF0A0010BEC4 /* Products */,
				08BA11941A91C6A000943E23 /* number.atlas */,
				0898F2411A75EB0500CC163D /* Audio */,
				0815EC171A7429CB00B351FF /* player-jump.atlas */,
				0815EC151A737FC600B351FF /* player-right.atlas */,
				0815EC131A737D1700B351FF /* player-left.atlas */,
				0815EC111A737AB500B351FF /* player-still.atlas */,
			);
			sourceTree = "<group>";
		};
		08A767031A5BAF0A0010BEC4 /* Products */ = {
			isa = PBXGroup;
			children = (
				08A767021A5BAF0A0010BEC4 /* TappingGame.app */,
				08A7671B1A5BAF0A0010BEC4 /* TappingGameTests.xctest */,
			);
			name = Products;
			sourceTree = "<group>";
		};
		08A767041A5BAF0A0010BEC4 /* TappingGame */ = {
			isa = PBXGroup;
			children = (
				08A767071A5BAF0A0010BEC4 /* AppDelegate.swift */,
				08BA11921A91BA7B00943E23 /* BitmapFontLabel.swift */,
				0894A3C21A7C5FE70052B2A3 /* Meter.swift */,
				088CECC21A5C4C7200DD3BE3 /* PlayScene.swift */,
				08B24E491A94321800C389A8 /* StoreObject.swift */,
				083453BE1A7F40A9007CF60C /* StoreLayer.swift */,
				088AE2CD1A6B7363008B345F /* GameLayer.swift */,
				08DB3C5F1A770D69003BFC06 /* PauseLayer.swift */,
				08A7670D1A5BAF0A0010BEC4 /* GameViewController.swift */,
				08A7670F1A5BAF0A0010BEC4 /* Main.storyboard */,
				08A767121A5BAF0A0010BEC4 /* Images.xcassets */,
				08A767051A5BAF0A0010BEC4 /* Supporting Files */,
			);
			path = TappingGame;
			sourceTree = "<group>";
		};
		08A767051A5BAF0A0010BEC4 /* Supporting Files */ = {
			isa = PBXGroup;
			children = (
				08A767091A5BAF0A0010BEC4 /* GameScene.sks */,
				08A767141A5BAF0A0010BEC4 /* LaunchScreen.xib */,
				08FE34D71A6F628D00A64A8B /* Social.framework */,
				088AE2C11A6AE599008B345F /* iAd.framework */,
				08D7F8AA1A66063E00ACE67B /* GCHelper.swift */,
				08D7F8A41A657E2E00ACE67B /* GameKit.framework */,
				08A767061A5BAF0A0010BEC4 /* Info.plist */,
			);
			name = "Supporting Files";
			sourceTree = "<group>";
		};
		08A7671E1A5BAF0A0010BEC4 /* TappingGameTests */ = {
			isa = PBXGroup;
			children = (
				08A767211A5BAF0A0010BEC4 /* TappingGameTests.swift */,
				08A7671F1A5BAF0A0010BEC4 /* Supporting Files */,
			);
			path = TappingGameTests;
			sourceTree = "<group>";
		};
		08A7671F1A5BAF0A0010BEC4 /* Supporting Files */ = {
			isa = PBXGroup;
			children = (
				08A767201A5BAF0A0010BEC4 /* Info.plist */,
			);
			name = "Supporting Files";
			sourceTree = "<group>";
		};
/* End PBXGroup section */

/* Begin PBXNativeTarget section */
		08A767011A5BAF0A0010BEC4 /* TappingGame */ = {
			isa = PBXNativeTarget;
			buildConfigurationList = 08A767251A5BAF0A0010BEC4 /* Build configuration list for PBXNativeTarget "TappingGame" */;
			buildPhases = (
				08A766FE1A5BAF0A0010BEC4 /* Sources */,
				08A766FF1A5BAF0A0010BEC4 /* Frameworks */,
				08A767001A5BAF0A0010BEC4 /* Resources */,
			);
			buildRules = (
			);
			dependencies = (
			);
			name = TappingGame;
			productName = TappingGame;
			productReference = 08A767021A5BAF0A0010BEC4 /* TappingGame.app */;
			productType = "com.apple.product-type.application";
		};
		08A7671A1A5BAF0A0010BEC4 /* TappingGameTests */ = {
			isa = PBXNativeTarget;
			buildConfigurationList = 08A767281A5BAF0A0010BEC4 /* Build configuration list for PBXNativeTarget "TappingGameTests" */;
			buildPhases = (
				08A767171A5BAF0A0010BEC4 /* Sources */,
				08A767181A5BAF0A0010BEC4 /* Frameworks */,
				08A767191A5BAF0A0010BEC4 /* Resources */,
			);
			buildRules = (
			);
			dependencies = (
				08A7671D1A5BAF0A0010BEC4 /* PBXTargetDependency */,
			);
			name = TappingGameTests;
			productName = TappingGameTests;
			productReference = 08A7671B1A5BAF0A0010BEC4 /* TappingGameTests.xctest */;
			productType = "com.apple.product-type.bundle.unit-test";
		};
/* End PBXNativeTarget section */

/* Begin PBXProject section */
		08A766FA1A5BAF0A0010BEC4 /* Project object */ = {
			isa = PBXProject;
			attributes = {
				LastUpgradeCheck = 0610;
				ORGANIZATIONNAME = Carlos;
				TargetAttributes = {
					08A767011A5BAF0A0010BEC4 = {
						CreatedOnToolsVersion = 6.1.1;
						DevelopmentTeam = TB38ZVB5S6;
						SystemCapabilities = {
							com.apple.GameCenter = {
								enabled = 1;
							};
						};
					};
					08A7671A1A5BAF0A0010BEC4 = {
						CreatedOnToolsVersion = 6.1.1;
						TestTargetID = 08A767011A5BAF0A0010BEC4;
					};
				};
			};
			buildConfigurationList = 08A766FD1A5BAF0A0010BEC4 /* Build configuration list for PBXProject "TappingGame" */;
			compatibilityVersion = "Xcode 3.2";
			developmentRegion = English;
			hasScannedForEncodings = 0;
			knownRegions = (
				en,
				Base,
			);
			mainGroup = 08A766F91A5BAF0A0010BEC4;
			productRefGroup = 08A767031A5BAF0A0010BEC4 /* Products */;
			projectDirPath = "";
			projectRoot = "";
			targets = (
				08A767011A5BAF0A0010BEC4 /* TappingGame */,
				08A7671A1A5BAF0A0010BEC4 /* TappingGameTests */,
			);
		};
/* End PBXProject section */

/* Begin PBXResourcesBuildPhase section */
		08A767001A5BAF0A0010BEC4 /* Resources */ = {
			isa = PBXResourcesBuildPhase;
			buildActionMask = 2147483647;
			files = (
				08B24E501A944C1000C389A8 /* Death-1.caf in Resources */,
				08B24E511A944C1000C389A8 /* Death-2.caf in Resources */,
				08B24E521A944C1000C389A8 /* Intro-2.aifc in Resources */,
				08B24E531A944C1000C389A8 /* Song-2.aifc in Resources */,
				08B24E541A944C1000C389A8 /* Step-3.caf in Resources */,
				08A767161A5BAF0A0010BEC4 /* LaunchScreen.xib in Resources */,
				0815EC161A737FC600B351FF /* player-right.atlas in Resources */,
				08BA11951A91C6A000943E23 /* number.atlas in Resources */,
				0815EC181A7429CB00B351FF /* player-jump.atlas in Resources */,
				08D065921A887AC900319755 /* tap.atlas in Resources */,
				0815EC141A737D1700B351FF /* player-left.atlas in Resources */,
				08A767131A5BAF0A0010BEC4 /* Images.xcassets in Resources */,
				08A7670A1A5BAF0A0010BEC4 /* GameScene.sks in Resources */,
				08A767111A5BAF0A0010BEC4 /* Main.storyboard in Resources */,
				0815EC121A737AB500B351FF /* player-still.atlas in Resources */,
			);
			runOnlyForDeploymentPostprocessing = 0;
		};
		08A767191A5BAF0A0010BEC4 /* Resources */ = {
			isa = PBXResourcesBuildPhase;
			buildActionMask = 2147483647;
			files = (
			);
			runOnlyForDeploymentPostprocessing = 0;
		};
/* End PBXResourcesBuildPhase section */

/* Begin PBXSourcesBuildPhase section */
		08A766FE1A5BAF0A0010BEC4 /* Sources */ = {
			isa = PBXSourcesBuildPhase;
			buildActionMask = 2147483647;
			files = (
				08D7F8AB1A66063E00ACE67B /* GCHelper.swift in Sources */,
				088CECC31A5C4C7200DD3BE3 /* PlayScene.swift in Sources */,
				0894A3C31A7C5FE70052B2A3 /* Meter.swift in Sources */,
				08DB3C601A770D69003BFC06 /* PauseLayer.swift in Sources */,
				08B24E4A1A94321800C389A8 /* StoreObject.swift in Sources */,
				088AE2CE1A6B7363008B345F /* GameLayer.swift in Sources */,
				083453BF1A7F40A9007CF60C /* StoreLayer.swift in Sources */,
				08A7670E1A5BAF0A0010BEC4 /* GameViewController.swift in Sources */,
				08BA11931A91BA7B00943E23 /* BitmapFontLabel.swift in Sources */,
				08A767081A5BAF0A0010BEC4 /* AppDelegate.swift in Sources */,
			);
			runOnlyForDeploymentPostprocessing = 0;
		};
		08A767171A5BAF0A0010BEC4 /* Sources */ = {
			isa = PBXSourcesBuildPhase;
			buildActionMask = 2147483647;
			files = (
				08A767221A5BAF0A0010BEC4 /* TappingGameTests.swift in Sources */,
			);
			runOnlyForDeploymentPostprocessing = 0;
		};
/* End PBXSourcesBuildPhase section */

/* Begin PBXTargetDependency section */
		08A7671D1A5BAF0A0010BEC4 /* PBXTargetDependency */ = {
			isa = PBXTargetDependency;
			target = 08A767011A5BAF0A0010BEC4 /* TappingGame */;
			targetProxy = 08A7671C1A5BAF0A0010BEC4 /* PBXContainerItemProxy */;
		};
/* End PBXTargetDependency section */

/* Begin PBXVariantGroup section */
		08A7670F1A5BAF0A0010BEC4 /* Main.storyboard */ = {
			isa = PBXVariantGroup;
			children = (
				08A767101A5BAF0A0010BEC4 /* Base */,
			);
			name = Main.storyboard;
			sourceTree = "<group>";
		};
		08A767141A5BAF0A0010BEC4 /* LaunchScreen.xib */ = {
			isa = PBXVariantGroup;
			children = (
				08A767151A5BAF0A0010BEC4 /* Base */,
			);
			name = LaunchScreen.xib;
			sourceTree = "<group>";
		};
/* End PBXVariantGroup section */

/* Begin XCBuildConfiguration section */
		08A767231A5BAF0A0010BEC4 /* Debug */ = {
			isa = XCBuildConfiguration;
			buildSettings = {
				ALWAYS_SEARCH_USER_PATHS = NO;
				CLANG_CXX_LANGUAGE_STANDARD = "gnu++0x";
				CLANG_CXX_LIBRARY = "libc++";
				CLANG_ENABLE_MODULES = YES;
				CLANG_ENABLE_OBJC_ARC = YES;
				CLANG_WARN_BOOL_CONVERSION = YES;
				CLANG_WARN_CONSTANT_CONVERSION = YES;
				CLANG_WARN_DIRECT_OBJC_ISA_USAGE = YES_ERROR;
				CLANG_WARN_EMPTY_BODY = YES;
				CLANG_WARN_ENUM_CONVERSION = YES;
				CLANG_WARN_INT_CONVERSION = YES;
				CLANG_WARN_OBJC_ROOT_CLASS = YES_ERROR;
				CLANG_WARN_UNREACHABLE_CODE = YES;
				CLANG_WARN__DUPLICATE_METHOD_MATCH = YES;
				"CODE_SIGN_IDENTITY[sdk=iphoneos*]" = "iPhone Developer";
				COPY_PHASE_STRIP = NO;
				ENABLE_STRICT_OBJC_MSGSEND = YES;
				GCC_C_LANGUAGE_STANDARD = gnu99;
				GCC_DYNAMIC_NO_PIC = NO;
				GCC_OPTIMIZATION_LEVEL = 0;
				GCC_PREPROCESSOR_DEFINITIONS = (
					"DEBUG=1",
					"$(inherited)",
				);
				GCC_SYMBOLS_PRIVATE_EXTERN = NO;
				GCC_WARN_64_TO_32_BIT_CONVERSION = YES;
				GCC_WARN_ABOUT_RETURN_TYPE = YES_ERROR;
				GCC_WARN_UNDECLARED_SELECTOR = YES;
				GCC_WARN_UNINITIALIZED_AUTOS = YES_AGGRESSIVE;
				GCC_WARN_UNUSED_FUNCTION = YES;
				GCC_WARN_UNUSED_VARIABLE = YES;
				IPHONEOS_DEPLOYMENT_TARGET = 8.1;
				MTL_ENABLE_DEBUG_INFO = YES;
				ONLY_ACTIVE_ARCH = YES;
				SDKROOT = iphoneos;
				SWIFT_OPTIMIZATION_LEVEL = "-Onone";
				TARGETED_DEVICE_FAMILY = "1,2";
			};
			name = Debug;
		};
		08A767241A5BAF0A0010BEC4 /* Release */ = {
			isa = XCBuildConfiguration;
			buildSettings = {
				ALWAYS_SEARCH_USER_PATHS = NO;
				CLANG_CXX_LANGUAGE_STANDARD = "gnu++0x";
				CLANG_CXX_LIBRARY = "libc++";
				CLANG_ENABLE_MODULES = YES;
				CLANG_ENABLE_OBJC_ARC = YES;
				CLANG_WARN_BOOL_CONVERSION = YES;
				CLANG_WARN_CONSTANT_CONVERSION = YES;
				CLANG_WARN_DIRECT_OBJC_ISA_USAGE = YES_ERROR;
				CLANG_WARN_EMPTY_BODY = YES;
				CLANG_WARN_ENUM_CONVERSION = YES;
				CLANG_WARN_INT_CONVERSION = YES;
				CLANG_WARN_OBJC_ROOT_CLASS = YES_ERROR;
				CLANG_WARN_UNREACHABLE_CODE = YES;
				CLANG_WARN__DUPLICATE_METHOD_MATCH = YES;
				"CODE_SIGN_IDENTITY[sdk=iphoneos*]" = "iPhone Developer";
				COPY_PHASE_STRIP = YES;
				ENABLE_NS_ASSERTIONS = NO;
				ENABLE_STRICT_OBJC_MSGSEND = YES;
				GCC_C_LANGUAGE_STANDARD = gnu99;
				GCC_WARN_64_TO_32_BIT_CONVERSION = YES;
				GCC_WARN_ABOUT_RETURN_TYPE = YES_ERROR;
				GCC_WARN_UNDECLARED_SELECTOR = YES;
				GCC_WARN_UNINITIALIZED_AUTOS = YES_AGGRESSIVE;
				GCC_WARN_UNUSED_FUNCTION = YES;
				GCC_WARN_UNUSED_VARIABLE = YES;
				IPHONEOS_DEPLOYMENT_TARGET = 8.1;
				MTL_ENABLE_DEBUG_INFO = NO;
				SDKROOT = iphoneos;
				TARGETED_DEVICE_FAMILY = "1,2";
				VALIDATE_PRODUCT = YES;
			};
			name = Release;
		};
		08A767261A5BAF0A0010BEC4 /* Debug */ = {
			isa = XCBuildConfiguration;
			buildSettings = {
				ASSETCATALOG_COMPILER_APPICON_NAME = AppIcon;
				CODE_SIGN_IDENTITY = "iPhone Developer";
				"CODE_SIGN_IDENTITY[sdk=iphoneos*]" = "iPhone Developer";
				INFOPLIST_FILE = TappingGame/Info.plist;
				IPHONEOS_DEPLOYMENT_TARGET = 8.0;
				LD_RUNPATH_SEARCH_PATHS = "$(inherited) @executable_path/Frameworks";
				PRODUCT_NAME = "$(TARGET_NAME)";
				PROVISIONING_PROFILE = "";
			};
			name = Debug;
		};
		08A767271A5BAF0A0010BEC4 /* Release */ = {
			isa = XCBuildConfiguration;
			buildSettings = {
				ASSETCATALOG_COMPILER_APPICON_NAME = AppIcon;
				CODE_SIGN_IDENTITY = "iPhone Developer";
				"CODE_SIGN_IDENTITY[sdk=iphoneos*]" = "iPhone Developer";
				INFOPLIST_FILE = TappingGame/Info.plist;
				IPHONEOS_DEPLOYMENT_TARGET = 8.0;
				LD_RUNPATH_SEARCH_PATHS = "$(inherited) @executable_path/Frameworks";
				PRODUCT_NAME = "$(TARGET_NAME)";
				PROVISIONING_PROFILE = "";
			};
			name = Release;
		};
		08A767291A5BAF0A0010BEC4 /* Debug */ = {
			isa = XCBuildConfiguration;
			buildSettings = {
				BUNDLE_LOADER = "$(TEST_HOST)";
				FRAMEWORK_SEARCH_PATHS = (
					"$(SDKROOT)/Developer/Library/Frameworks",
					"$(inherited)",
				);
				GCC_PREPROCESSOR_DEFINITIONS = (
					"DEBUG=1",
					"$(inherited)",
				);
				INFOPLIST_FILE = TappingGameTests/Info.plist;
				LD_RUNPATH_SEARCH_PATHS = "$(inherited) @executable_path/Frameworks @loader_path/Frameworks";
				PRODUCT_NAME = "$(TARGET_NAME)";
				TEST_HOST = "$(BUILT_PRODUCTS_DIR)/TappingGame.app/TappingGame";
			};
			name = Debug;
		};
		08A7672A1A5BAF0A0010BEC4 /* Release */ = {
			isa = XCBuildConfiguration;
			buildSettings = {
				BUNDLE_LOADER = "$(TEST_HOST)";
				FRAMEWORK_SEARCH_PATHS = (
					"$(SDKROOT)/Developer/Library/Frameworks",
					"$(inherited)",
				);
				INFOPLIST_FILE = TappingGameTests/Info.plist;
				LD_RUNPATH_SEARCH_PATHS = "$(inherited) @executable_path/Frameworks @loader_path/Frameworks";
				PRODUCT_NAME = "$(TARGET_NAME)";
				TEST_HOST = "$(BUILT_PRODUCTS_DIR)/TappingGame.app/TappingGame";
			};
			name = Release;
		};
/* End XCBuildConfiguration section */

/* Begin XCConfigurationList section */
		08A766FD1A5BAF0A0010BEC4 /* Build configuration list for PBXProject "TappingGame" */ = {
			isa = XCConfigurationList;
			buildConfigurations = (
				08A767231A5BAF0A0010BEC4 /* Debug */,
				08A767241A5BAF0A0010BEC4 /* Release */,
			);
			defaultConfigurationIsVisible = 0;
			defaultConfigurationName = Release;
		};
		08A767251A5BAF0A0010BEC4 /* Build configuration list for PBXNativeTarget "TappingGame" */ = {
			isa = XCConfigurationList;
			buildConfigurations = (
				08A767261A5BAF0A0010BEC4 /* Debug */,
				08A767271A5BAF0A0010BEC4 /* Release */,
			);
			defaultConfigurationIsVisible = 0;
			defaultConfigurationName = Release;
		};
		08A767281A5BAF0A0010BEC4 /* Build configuration list for PBXNativeTarget "TappingGameTests" */ = {
			isa = XCConfigurationList;
			buildConfigurations = (
				08A767291A5BAF0A0010BEC4 /* Debug */,
				08A7672A1A5BAF0A0010BEC4 /* Release */,
			);
			defaultConfigurationIsVisible = 0;
			defaultConfigurationName = Release;
		};
/* End XCConfigurationList section */
	};
	rootObject = 08A766FA1A5BAF0A0010BEC4 /* Project object */;
}
